
Microsoft Visual Studio Solution File, Format Version 12.00
# Visual Studio Version 17
VisualStudioVersion = 17.12.35707.178
MinimumVisualStudioVersion = 10.0.40219.1
Project("{FAE04EC0-301F-11D3-BF4B-00C04F79EFBC}") = "ContractMonthlyClaim", "ContractMonthlyClaim.csproj", "{761C7BDF-3E9F-4381-848C-78BBF9059167}"
EndProject
Project("{FAE04EC0-301F-11D3-BF4B-00C04F79EFBC}") = "ContractMonthlyClaim.Tests", "ContractMonthlyClaim.Tests\ContractMonthlyClaim.Tests.csproj", "{63897936-097E-1988-35A3-01474DB00D66}"
EndProject
Global
	GlobalSection(SolutionConfigurationPlatforms) = preSolution
		Debug|Any CPU = Debug|Any CPU
		Release|Any CPU = Release|Any CPU
	EndGlobalSection
	GlobalSection(ProjectConfigurationPlatforms) = postSolution
		{761C7BDF-3E9F-4381-848C-78BBF9059167}.Debug|Any CPU.ActiveCfg = Debug|Any CPU
		{761C7BDF-3E9F-4381-848C-78BBF9059167}.Debug|Any CPU.Build.0 = Debug|Any CPU
		{761C7BDF-3E9F-4381-848C-78BBF9059167}.Release|Any CPU.ActiveCfg = Release|Any CPU
		{761C7BDF-3E9F-4381-848C-78BBF9059167}.Release|Any CPU.Build.0 = Release|Any CPU
		{63897936-097E-1988-35A3-01474DB00D66}.Debug|Any CPU.ActiveCfg = Debug|Any CPU
		{63897936-097E-1988-35A3-01474DB00D66}.Debug|Any CPU.Build.0 = Debug|Any CPU
		{63897936-097E-1988-35A3-01474DB00D66}.Release|Any CPU.ActiveCfg = Release|Any CPU
		{63897936-097E-1988-35A3-01474DB00D66}.Release|Any CPU.Build.0 = Release|Any CPU
	EndGlobalSection
	GlobalSection(SolutionProperties) = preSolution
		HideSolutionNode = FALSE
	EndGlobalSection
	GlobalSection(ExtensibilityGlobals) = postSolution
		SolutionGuid = {21CD8940-7D34-4637-B3DB-E3F02881C9CB}
	EndGlobalSection
EndGlobal
